// !$*UTF8*$!
{
	archiveVersion = 1;
	classes = {
	};
	objectVersion = 46;
	objects = {

/* Begin PBXBuildFile section */
		787A630A1F0CCC9700E3F0C5 /* AppDelegate.swift in Sources */ = {isa = PBXBuildFile; fileRef = 787A63091F0CCC9700E3F0C5 /* AppDelegate.swift */; };
		787A630C1F0CCC9700E3F0C5 /* ViewController.swift in Sources */ = {isa = PBXBuildFile; fileRef = 787A630B1F0CCC9700E3F0C5 /* ViewController.swift */; };
		787A630F1F0CCC9700E3F0C5 /* Main.storyboard in Resources */ = {isa = PBXBuildFile; fileRef = 787A630D1F0CCC9700E3F0C5 /* Main.storyboard */; };
		787A63121F0CCC9800E3F0C5 /* bai2DownloadImage.xcdatamodeld in Sources */ = {isa = PBXBuildFile; fileRef = 787A63101F0CCC9800E3F0C5 /* bai2DownloadImage.xcdatamodeld */; };
		787A63141F0CCC9800E3F0C5 /* Assets.xcassets in Resources */ = {isa = PBXBuildFile; fileRef = 787A63131F0CCC9800E3F0C5 /* Assets.xcassets */; };
		787A63171F0CCC9800E3F0C5 /* LaunchScreen.storyboard in Resources */ = {isa = PBXBuildFile; fileRef = 787A63151F0CCC9800E3F0C5 /* LaunchScreen.storyboard */; };
		787A63221F0CCC9800E3F0C5 /* bai2DownloadImageTests.swift in Sources */ = {isa = PBXBuildFile; fileRef = 787A63211F0CCC9800E3F0C5 /* bai2DownloadImageTests.swift */; };
		787A632D1F0CCC9800E3F0C5 /* bai2DownloadImageUITests.swift in Sources */ = {isa = PBXBuildFile; fileRef = 787A632C1F0CCC9800E3F0C5 /* bai2DownloadImageUITests.swift */; };
/* End PBXBuildFile section */

/* Begin PBXContainerItemProxy section */
		787A631E1F0CCC9800E3F0C5 /* PBXContainerItemProxy */ = {
			isa = PBXContainerItemProxy;
			containerPortal = 787A62FE1F0CCC9700E3F0C5 /* Project object */;
			proxyType = 1;
			remoteGlobalIDString = 787A63051F0CCC9700E3F0C5;
			remoteInfo = bai2DownloadImage;
		};
		787A63291F0CCC9800E3F0C5 /* PBXContainerItemProxy */ = {
			isa = PBXContainerItemProxy;
			containerPortal = 787A62FE1F0CCC9700E3F0C5 /* Project object */;
			proxyType = 1;
			remoteGlobalIDString = 787A63051F0CCC9700E3F0C5;
			remoteInfo = bai2DownloadImage;
		};
/* End PBXContainerItemProxy section */

/* Begin PBXFileReference section */
		787A63061F0CCC9700E3F0C5 /* bai2DownloadImage.app */ = {isa = PBXFileReference; explicitFileType = wrapper.application; includeInIndex = 0; path = bai2DownloadImage.app; sourceTree = BUILT_PRODUCTS_DIR; };
		787A63091F0CCC9700E3F0C5 /* AppDelegate.swift */ = {isa = PBXFileReference; lastKnownFileType = sourcecode.swift; path = AppDelegate.swift; sourceTree = "<group>"; };
		787A630B1F0CCC9700E3F0C5 /* ViewController.swift */ = {isa = PBXFileReference; lastKnownFileType = sourcecode.swift; path = ViewController.swift; sourceTree = "<group>"; };
		787A630E1F0CCC9700E3F0C5 /* Base */ = {isa = PBXFileReference; lastKnownFileType = file.storyboard; name = Base; path = Base.lproj/Main.storyboard; sourceTree = "<group>"; };
		787A63111F0CCC9800E3F0C5 /* bai2DownloadImage.xcdatamodel */ = {isa = PBXFileReference; lastKnownFileType = wrapper.xcdatamodel; path = bai2DownloadImage.xcdatamodel; sourceTree = "<group>"; };
		787A63131F0CCC9800E3F0C5 /* Assets.xcassets */ = {isa = PBXFileReference; lastKnownFileType = folder.assetcatalog; path = Assets.xcassets; sourceTree = "<group>"; };
		787A63161F0CCC9800E3F0C5 /* Base */ = {isa = PBXFileReference; lastKnownFileType = file.storyboard; name = Base; path = Base.lproj/LaunchScreen.storyboard; sourceTree = "<group>"; };
		787A63181F0CCC9800E3F0C5 /* Info.plist */ = {isa = PBXFileReference; lastKnownFileType = text.plist.xml; path = Info.plist; sourceTree = "<group>"; };
		787A631D1F0CCC9800E3F0C5 /* bai2DownloadImageTests.xctest */ = {isa = PBXFileReference; explicitFileType = wrapper.cfbundle; includeInIndex = 0; path = bai2DownloadImageTests.xctest; sourceTree = BUILT_PRODUCTS_DIR; };
		787A63211F0CCC9800E3F0C5 /* bai2DownloadImageTests.swift */ = {isa = PBXFileReference; lastKnownFileType = sourcecode.swift; path = bai2DownloadImageTests.swift; sourceTree = "<group>"; };
		787A63231F0CCC9800E3F0C5 /* Info.plist */ = {isa = PBXFileReference; lastKnownFileType = text.plist.xml; path = Info.plist; sourceTree = "<group>"; };
		787A63281F0CCC9800E3F0C5 /* bai2DownloadImageUITests.xctest */ = {isa = PBXFileReference; explicitFileType = wrapper.cfbundle; includeInIndex = 0; path = bai2DownloadImageUITests.xctest; sourceTree = BUILT_PRODUCTS_DIR; };
		787A632C1F0CCC9800E3F0C5 /* bai2DownloadImageUITests.swift */ = {isa = PBXFileReference; lastKnownFileType = sourcecode.swift; path = bai2DownloadImageUITests.swift; sourceTree = "<group>"; };
		787A632E1F0CCC9800E3F0C5 /* Info.plist */ = {isa = PBXFileReference; lastKnownFileType = text.plist.xml; path = Info.plist; sourceTree = "<group>"; };
/* End PBXFileReference section */

/* Begin PBXFrameworksBuildPhase section */
		787A63031F0CCC9700E3F0C5 /* Frameworks */ = {
			isa = PBXFrameworksBuildPhase;
			buildActionMask = 2147483647;
			files = (
			);
			runOnlyForDeploymentPostprocessing = 0;
		};
		787A631A1F0CCC9800E3F0C5 /* Frameworks */ = {
			isa = PBXFrameworksBuildPhase;
			buildActionMask = 2147483647;
			files = (
			);
			runOnlyForDeploymentPostprocessing = 0;
		};
		787A63251F0CCC9800E3F0C5 /* Frameworks */ = {
			isa = PBXFrameworksBuildPhase;
			buildActionMask = 2147483647;
			files = (
			);
			runOnlyForDeploymentPostprocessing = 0;
		};
/* End PBXFrameworksBuildPhase section */

/* Begin PBXGroup section */
		787A62FD1F0CCC9700E3F0C5 = {
			isa = PBXGroup;
			children = (
				787A63081F0CCC9700E3F0C5 /* bai2DownloadImage */,
				787A63201F0CCC9800E3F0C5 /* bai2DownloadImageTests */,
				787A632B1F0CCC9800E3F0C5 /* bai2DownloadImageUITests */,
				787A63071F0CCC9700E3F0C5 /* Products */,
			);
			sourceTree = "<group>";
		};
		787A63071F0CCC9700E3F0C5 /* Products */ = {
			isa = PBXGroup;
			children = (
				787A63061F0CCC9700E3F0C5 /* bai2DownloadImage.app */,
				787A631D1F0CCC9800E3F0C5 /* bai2DownloadImageTests.xctest */,
				787A63281F0CCC9800E3F0C5 /* bai2DownloadImageUITests.xctest */,
			);
			name = Products;
			sourceTree = "<group>";
		};
		787A63081F0CCC9700E3F0C5 /* bai2DownloadImage */ = {
			isa = PBXGroup;
			children = (
				787A63091F0CCC9700E3F0C5 /* AppDelegate.swift */,
				787A630B1F0CCC9700E3F0C5 /* ViewController.swift */,
				787A630D1F0CCC9700E3F0C5 /* Main.storyboard */,
				787A63131F0CCC9800E3F0C5 /* Assets.xcassets */,
				787A63151F0CCC9800E3F0C5 /* LaunchScreen.storyboard */,
				787A63181F0CCC9800E3F0C5 /* Info.plist */,
				787A63101F0CCC9800E3F0C5 /* bai2DownloadImage.xcdatamodeld */,
			);
			path = bai2DownloadImage;
			sourceTree = "<group>";
		};
		787A63201F0CCC9800E3F0C5 /* bai2DownloadImageTests */ = {
			isa = PBXGroup;
			children = (
				787A63211F0CCC9800E3F0C5 /* bai2DownloadImageTests.swift */,
				787A63231F0CCC9800E3F0C5 /* Info.plist */,
			);
			path = bai2DownloadImageTests;
			sourceTree = "<group>";
		};
		787A632B1F0CCC9800E3F0C5 /* bai2DownloadImageUITests */ = {
			isa = PBXGroup;
			children = (
				787A632C1F0CCC9800E3F0C5 /* bai2DownloadImageUITests.swift */,
				787A632E1F0CCC9800E3F0C5 /* Info.plist */,
			);
			path = bai2DownloadImageUITests;
			sourceTree = "<group>";
		};
/* End PBXGroup section */

/* Begin PBXNativeTarget section */
		787A63051F0CCC9700E3F0C5 /* bai2DownloadImage */ = {
			isa = PBXNativeTarget;
			buildConfigurationList = 787A63311F0CCC9800E3F0C5 /* Build configuration list for PBXNativeTarget "bai2DownloadImage" */;
			buildPhases = (
				787A63021F0CCC9700E3F0C5 /* Sources */,
				787A63031F0CCC9700E3F0C5 /* Frameworks */,
				787A63041F0CCC9700E3F0C5 /* Resources */,
			);
			buildRules = (
			);
			dependencies = (
			);
			name = bai2DownloadImage;
			productName = bai2DownloadImage;
			productReference = 787A63061F0CCC9700E3F0C5 /* bai2DownloadImage.app */;
			productType = "com.apple.product-type.application";
		};
		787A631C1F0CCC9800E3F0C5 /* bai2DownloadImageTests */ = {
			isa = PBXNativeTarget;
			buildConfigurationList = 787A63341F0CCC9800E3F0C5 /* Build configuration list for PBXNativeTarget "bai2DownloadImageTests" */;
			buildPhases = (
				787A63191F0CCC9800E3F0C5 /* Sources */,
				787A631A1F0CCC9800E3F0C5 /* Frameworks */,
				787A631B1F0CCC9800E3F0C5 /* Resources */,
			);
			buildRules = (
			);
			dependencies = (
				787A631F1F0CCC9800E3F0C5 /* PBXTargetDependency */,
			);
			name = bai2DownloadImageTests;
			productName = bai2DownloadImageTests;
			productReference = 787A631D1F0CCC9800E3F0C5 /* bai2DownloadImageTests.xctest */;
			productType = "com.apple.product-type.bundle.unit-test";
		};
		787A63271F0CCC9800E3F0C5 /* bai2DownloadImageUITests */ = {
			isa = PBXNativeTarget;
			buildConfigurationList = 787A63371F0CCC9800E3F0C5 /* Build configuration list for PBXNativeTarget "bai2DownloadImageUITests" */;
			buildPhases = (
				787A63241F0CCC9800E3F0C5 /* Sources */,
				787A63251F0CCC9800E3F0C5 /* Frameworks */,
				787A63261F0CCC9800E3F0C5 /* Resources */,
			);
			buildRules = (
			);
			dependencies = (
				787A632A1F0CCC9800E3F0C5 /* PBXTargetDependency */,
			);
			name = bai2DownloadImageUITests;
			productName = bai2DownloadImageUITests;
			productReference = 787A63281F0CCC9800E3F0C5 /* bai2DownloadImageUITests.xctest */;
			productType = "com.apple.product-type.bundle.ui-testing";
		};
/* End PBXNativeTarget section */

/* Begin PBXProject section */
		787A62FE1F0CCC9700E3F0C5 /* Project object */ = {
			isa = PBXProject;
			attributes = {
				LastSwiftUpdateCheck = 0830;
				LastUpgradeCheck = 0830;
				ORGANIZATIONNAME = nhom5;
				TargetAttributes = {
					787A63051F0CCC9700E3F0C5 = {
						CreatedOnToolsVersion = 8.3;
						ProvisioningStyle = Automatic;
					};
					787A631C1F0CCC9800E3F0C5 = {
						CreatedOnToolsVersion = 8.3;
						ProvisioningStyle = Automatic;
						TestTargetID = 787A63051F0CCC9700E3F0C5;
					};
					787A63271F0CCC9800E3F0C5 = {
						CreatedOnToolsVersion = 8.3;
						ProvisioningStyle = Automatic;
						TestTargetID = 787A63051F0CCC9700E3F0C5;
					};
				};
			};
			buildConfigurationList = 787A63011F0CCC9700E3F0C5 /* Build configuration list for PBXProject "bai2DownloadImage" */;
			compatibilityVersion = "Xcode 3.2";
			developmentRegion = English;
			hasScannedForEncodings = 0;
			knownRegions = (
				en,
				Base,
			);
			mainGroup = 787A62FD1F0CCC9700E3F0C5;
			productRefGroup = 787A63071F0CCC9700E3F0C5 /* Products */;
			projectDirPath = "";
			projectRoot = "";
			targets = (
				787A63051F0CCC9700E3F0C5 /* bai2DownloadImage */,
				787A631C1F0CCC9800E3F0C5 /* bai2DownloadImageTests */,
				787A63271F0CCC9800E3F0C5 /* bai2DownloadImageUITests */,
			);
		};
/* End PBXProject section */

/* Begin PBXResourcesBuildPhase section */
		787A63041F0CCC9700E3F0C5 /* Resources */ = {
			isa = PBXResourcesBuildPhase;
			buildActionMask = 2147483647;
			files = (
				787A63171F0CCC9800E3F0C5 /* LaunchScreen.storyboard in Resources */,
				787A63141F0CCC9800E3F0C5 /* Assets.xcassets in Resources */,
				787A630F1F0CCC9700E3F0C5 /* Main.storyboard in Resources */,
			);
			runOnlyForDeploymentPostprocessing = 0;
		};
		787A631B1F0CCC9800E3F0C5 /* Resources */ = {
			isa = PBXResourcesBuildPhase;
			buildActionMask = 2147483647;
			files = (
			);
			runOnlyForDeploymentPostprocessing = 0;
		};
		787A63261F0CCC9800E3F0C5 /* Resources */ = {
			isa = PBXResourcesBuildPhase;
			buildActionMask = 2147483647;
			files = (
			);
			runOnlyForDeploymentPostprocessing = 0;
		};
/* End PBXResourcesBuildPhase section */

/* Begin PBXSourcesBuildPhase section */
		787A63021F0CCC9700E3F0C5 /* Sources */ = {
			isa = PBXSourcesBuildPhase;
			buildActionMask = 2147483647;
			files = (
				787A630C1F0CCC9700E3F0C5 /* ViewController.swift in Sources */,
				787A63121F0CCC9800E3F0C5 /* bai2DownloadImage.xcdatamodeld in Sources */,
				787A630A1F0CCC9700E3F0C5 /* AppDelegate.swift in Sources */,
			);
			runOnlyForDeploymentPostprocessing = 0;
		};
		787A63191F0CCC9800E3F0C5 /* Sources */ = {
			isa = PBXSourcesBuildPhase;
			buildActionMask = 2147483647;
			files = (
				787A63221F0CCC9800E3F0C5 /* bai2DownloadImageTests.swift in Sources */,
			);
			runOnlyForDeploymentPostprocessing = 0;
		};
		787A63241F0CCC9800E3F0C5 /* Sources */ = {
			isa = PBXSourcesBuildPhase;
			buildActionMask = 2147483647;
			files = (
				787A632D1F0CCC9800E3F0C5 /* bai2DownloadImageUITests.swift in Sources */,
			);
			runOnlyForDeploymentPostprocessing = 0;
		};
/* End PBXSourcesBuildPhase section */

/* Begin PBXTargetDependency section */
		787A631F1F0CCC9800E3F0C5 /* PBXTargetDependency */ = {
			isa = PBXTargetDependency;
			target = 787A63051F0CCC9700E3F0C5 /* bai2DownloadImage */;
			targetProxy = 787A631E1F0CCC9800E3F0C5 /* PBXContainerItemProxy */;
		};
		787A632A1F0CCC9800E3F0C5 /* PBXTargetDependency */ = {
			isa = PBXTargetDependency;
			target = 787A63051F0CCC9700E3F0C5 /* bai2DownloadImage */;
			targetProxy = 787A63291F0CCC9800E3F0C5 /* PBXContainerItemProxy */;
		};
/* End PBXTargetDependency section */

/* Begin PBXVariantGroup section */
		787A630D1F0CCC9700E3F0C5 /* Main.storyboard */ = {
			isa = PBXVariantGroup;
			children = (
				787A630E1F0CCC9700E3F0C5 /* Base */,
			);
			name = Main.storyboard;
			sourceTree = "<group>";
		};
		787A63151F0CCC9800E3F0C5 /* LaunchScreen.storyboard */ = {
			isa = PBXVariantGroup;
			children = (
				787A63161F0CCC9800E3F0C5 /* Base */,
			);
			name = LaunchScreen.storyboard;
			sourceTree = "<group>";
		};
/* End PBXVariantGroup section */

/* Begin XCBuildConfiguration section */
		787A632F1F0CCC9800E3F0C5 /* Debug */ = {
			isa = XCBuildConfiguration;
			buildSettings = {
				ALWAYS_SEARCH_USER_PATHS = NO;
				CLANG_ANALYZER_NONNULL = YES;
				CLANG_ANALYZER_NUMBER_OBJECT_CONVERSION = YES_AGGRESSIVE;
				CLANG_CXX_LANGUAGE_STANDARD = "gnu++0x";
				CLANG_CXX_LIBRARY = "libc++";
				CLANG_ENABLE_MODULES = YES;
				CLANG_ENABLE_OBJC_ARC = YES;
				CLANG_WARN_BOOL_CONVERSION = YES;
				CLANG_WARN_CONSTANT_CONVERSION = YES;
				CLANG_WARN_DIRECT_OBJC_ISA_USAGE = YES_ERROR;
				CLANG_WARN_DOCUMENTATION_COMMENTS = YES;
				CLANG_WARN_EMPTY_BODY = YES;
				CLANG_WARN_ENUM_CONVERSION = YES;
				CLANG_WARN_INFINITE_RECURSION = YES;
				CLANG_WARN_INT_CONVERSION = YES;
				CLANG_WARN_OBJC_ROOT_CLASS = YES_ERROR;
				CLANG_WARN_SUSPICIOUS_MOVE = YES;
				CLANG_WARN_UNREACHABLE_CODE = YES;
				CLANG_WARN__DUPLICATE_METHOD_MATCH = YES;
				"CODE_SIGN_IDENTITY[sdk=iphoneos*]" = "iPhone Developer";
				COPY_PHASE_STRIP = NO;
				DEBUG_INFORMATION_FORMAT = dwarf;
				ENABLE_STRICT_OBJC_MSGSEND = YES;
				ENABLE_TESTABILITY = YES;
				GCC_C_LANGUAGE_STANDARD = gnu99;
				GCC_DYNAMIC_NO_PIC = NO;
				GCC_NO_COMMON_BLOCKS = YES;
				GCC_OPTIMIZATION_LEVEL = 0;
				GCC_PREPROCESSOR_DEFINITIONS = (
					"DEBUG=1",
					"$(inherited)",
				);
				GCC_WARN_64_TO_32_BIT_CONVERSION = YES;
				GCC_WARN_ABOUT_RETURN_TYPE = YES_ERROR;
				GCC_WARN_UNDECLARED_SELECTOR = YES;
				GCC_WARN_UNINITIALIZED_AUTOS = YES_AGGRESSIVE;
				GCC_WARN_UNUSED_FUNCTION = YES;
				GCC_WARN_UNUSED_VARIABLE = YES;
				IPHONEOS_DEPLOYMENT_TARGET = 10.3;
				MTL_ENABLE_DEBUG_INFO = YES;
				ONLY_ACTIVE_ARCH = YES;
				SDKROOT = iphoneos;
				SWIFT_ACTIVE_COMPILATION_CONDITIONS = DEBUG;
				SWIFT_OPTIMIZATION_LEVEL = "-Onone";
			};
			name = Debug;
		};
		787A63301F0CCC9800E3F0C5 /* Release */ = {
			isa = XCBuildConfiguration;
			buildSettings = {
				ALWAYS_SEARCH_USER_PATHS = NO;
				CLANG_ANALYZER_NONNULL = YES;
				CLANG_ANALYZER_NUMBER_OBJECT_CONVERSION = YES_AGGRESSIVE;
				CLANG_CXX_LANGUAGE_STANDARD = "gnu++0x";
				CLANG_CXX_LIBRARY = "libc++";
				CLANG_ENABLE_MODULES = YES;
				CLANG_ENABLE_OBJC_ARC = YES;
				CLANG_WARN_BOOL_CONVERSION = YES;
				CLANG_WARN_CONSTANT_CONVERSION = YES;
				CLANG_WARN_DIRECT_OBJC_ISA_USAGE = YES_ERROR;
				CLANG_WARN_DOCUMENTATION_COMMENTS = YES;
				CLANG_WARN_EMPTY_BODY = YES;
				CLANG_WARN_ENUM_CONVERSION = YES;
				CLANG_WARN_INFINITE_RECURSION = YES;
				CLANG_WARN_INT_CONVERSION = YES;
				CLANG_WARN_OBJC_ROOT_CLASS = YES_ERROR;
				CLANG_WARN_SUSPICIOUS_MOVE = YES;
				CLANG_WARN_UNREACHABLE_CODE = YES;
				CLANG_WARN__DUPLICATE_METHOD_MATCH = YES;
				"CODE_SIGN_IDENTITY[sdk=iphoneos*]" = "iPhone Developer";
				COPY_PHASE_STRIP = NO;
				DEBUG_INFORMATION_FORMAT = "dwarf-with-dsym";
				ENABLE_NS_ASSERTIONS = NO;
				ENABLE_STRICT_OBJC_MSGSEND = YES;
				GCC_C_LANGUAGE_STANDARD = gnu99;
				GCC_NO_COMMON_BLOCKS = YES;
				GCC_WARN_64_TO_32_BIT_CONVERSION = YES;
				GCC_WARN_ABOUT_RETURN_TYPE = YES_ERROR;
				GCC_WARN_UNDECLARED_SELECTOR = YES;
				GCC_WARN_UNINITIALIZED_AUTOS = YES_AGGRESSIVE;
				GCC_WARN_UNUSED_FUNCTION = YES;
				GCC_WARN_UNUSED_VARIABLE = YES;
				IPHONEOS_DEPLOYMENT_TARGET = 10.3;
				MTL_ENABLE_DEBUG_INFO = NO;
				SDKROOT = iphoneos;
				SWIFT_OPTIMIZATION_LEVEL = "-Owholemodule";
				VALIDATE_PRODUCT = YES;
			};
			name = Release;
		};
		787A63321F0CCC9800E3F0C5 /* Debug */ = {
			isa = XCBuildConfiguration;
			buildSettings = {
				ASSETCATALOG_COMPILER_APPICON_NAME = AppIcon;
				INFOPLIST_FILE = bai2DownloadImage/Info.plist;
				LD_RUNPATH_SEARCH_PATHS = "$(inherited) @executable_path/Frameworks";
				PRODUCT_BUNDLE_IDENTIFIER = "hcmute-Nhom5.bai2DownloadImage";
				PRODUCT_NAME = "$(TARGET_NAME)";
				SWIFT_VERSION = 3.0;
			};
			name = Debug;
		};
		787A63331F0CCC9800E3F0C5 /* Release */ = {
			isa = XCBuildConfiguration;
			buildSettings = {
				ASSETCATALOG_COMPILER_APPICON_NAME = AppIcon;
				INFOPLIST_FILE = bai2DownloadImage/Info.plist;
				LD_RUNPATH_SEARCH_PATHS = "$(inherited) @executable_path/Frameworks";
				PRODUCT_BUNDLE_IDENTIFIER = "hcmute-Nhom5.bai2DownloadImage";
				PRODUCT_NAME = "$(TARGET_NAME)";
				SWIFT_VERSION = 3.0;
			};
			name = Release;
		};
		787A63351F0CCC9800E3F0C5 /* Debug */ = {
			isa = XCBuildConfiguration;
			buildSettings = {
				ALWAYS_EMBED_SWIFT_STANDARD_LIBRARIES = YES;
				BUNDLE_LOADER = "$(TEST_HOST)";
				INFOPLIST_FILE = bai2DownloadImageTests/Info.plist;
				LD_RUNPATH_SEARCH_PATHS = "$(inherited) @executable_path/Frameworks @loader_path/Frameworks";
				PRODUCT_BUNDLE_IDENTIFIER = "hcmute-Nhom5.bai2DownloadImageTests";
				PRODUCT_NAME = "$(TARGET_NAME)";
				SWIFT_VERSION = 3.0;
				TEST_HOST = "$(BUILT_PRODUCTS_DIR)/bai2DownloadImage.app/bai2DownloadImage";
			};
			name = Debug;
		};
		787A63361F0CCC9800E3F0C5 /* Release */ = {
			isa = XCBuildConfiguration;
			buildSettings = {
				ALWAYS_EMBED_SWIFT_STANDARD_LIBRARIES = YES;
				BUNDLE_LOADER = "$(TEST_HOST)";
				INFOPLIST_FILE = bai2DownloadImageTests/Info.plist;
				LD_RUNPATH_SEARCH_PATHS = "$(inherited) @executable_path/Frameworks @loader_path/Frameworks";
				PRODUCT_BUNDLE_IDENTIFIER = "hcmute-Nhom5.bai2DownloadImageTests";
				PRODUCT_NAME = "$(TARGET_NAME)";
				SWIFT_VERSION = 3.0;
				TEST_HOST = "$(BUILT_PRODUCTS_DIR)/bai2DownloadImage.app/bai2DownloadImage";
			};
			name = Release;
		};
		787A63381F0CCC9800E3F0C5 /* Debug */ = {
			isa = XCBuildConfiguration;
			buildSettings = {
				ALWAYS_EMBED_SWIFT_STANDARD_LIBRARIES = YES;
				INFOPLIST_FILE = bai2DownloadImageUITests/Info.plist;
				LD_RUNPATH_SEARCH_PATHS = "$(inherited) @executable_path/Frameworks @loader_path/Frameworks";
				PRODUCT_BUNDLE_IDENTIFIER = "hcmute-Nhom5.bai2DownloadImageUITests";
				PRODUCT_NAME = "$(TARGET_NAME)";
				SWIFT_VERSION = 3.0;
				TEST_TARGET_NAME = bai2DownloadImage;
			};
			name = Debug;
		};
		787A63391F0CCC9800E3F0C5 /* Release */ = {
			isa = XCBuildConfiguration;
			buildSettings = {
				ALWAYS_EMBED_SWIFT_STANDARD_LIBRARIES = YES;
				INFOPLIST_FILE = bai2DownloadImageUITests/Info.plist;
				LD_RUNPATH_SEARCH_PATHS = "$(inherited) @executable_path/Frameworks @loader_path/Frameworks";
				PRODUCT_BUNDLE_IDENTIFIER = "hcmute-Nhom5.bai2DownloadImageUITests";
				PRODUCT_NAME = "$(TARGET_NAME)";
				SWIFT_VERSION = 3.0;
				TEST_TARGET_NAME = bai2DownloadImage;
			};
			name = Release;
		};
/* End XCBuildConfiguration section */

/* Begin XCConfigurationList section */
		787A63011F0CCC9700E3F0C5 /* Build configuration list for PBXProject "bai2DownloadImage" */ = {
			isa = XCConfigurationList;
			buildConfigurations = (
				787A632F1F0CCC9800E3F0C5 /* Debug */,
				787A63301F0CCC9800E3F0C5 /* Release */,
			);
			defaultConfigurationIsVisible = 0;
			defaultConfigurationName = Release;
		};
		787A63311F0CCC9800E3F0C5 /* Build configuration list for PBXNativeTarget "bai2DownloadImage" */ = {
			isa = XCConfigurationList;
			buildConfigurations = (
				787A63321F0CCC9800E3F0C5 /* Debug */,
				787A63331F0CCC9800E3F0C5 /* Release */,
			);
			defaultConfigurationIsVisible = 0;
		};
		787A63341F0CCC9800E3F0C5 /* Build configuration list for PBXNativeTarget "bai2DownloadImageTests" */ = {
			isa = XCConfigurationList;
			buildConfigurations = (
				787A63351F0CCC9800E3F0C5 /* Debug */,
				787A63361F0CCC9800E3F0C5 /* Release */,
			);
			defaultConfigurationIsVisible = 0;
		};
		787A63371F0CCC9800E3F0C5 /* Build configuration list for PBXNativeTarget "bai2DownloadImageUITests" */ = {
			isa = XCConfigurationList;
			buildConfigurations = (
				787A63381F0CCC9800E3F0C5 /* Debug */,
				787A63391F0CCC9800E3F0C5 /* Release */,
			);
			defaultConfigurationIsVisible = 0;
		};
/* End XCConfigurationList section */

/* Begin XCVersionGroup section */
		787A63101F0CCC9800E3F0C5 /* bai2DownloadImage.xcdatamodeld */ = {
			isa = XCVersionGroup;
			children = (
				787A63111F0CCC9800E3F0C5 /* bai2DownloadImage.xcdatamodel */,
			);
			currentVersion = 787A63111F0CCC9800E3F0C5 /* bai2DownloadImage.xcdatamodel */;
			path = bai2DownloadImage.xcdatamodeld;
			sourceTree = "<group>";
			versionGroupType = wrapper.xcdatamodel;
		};
/* End XCVersionGroup section */
	};
	rootObject = 787A62FE1F0CCC9700E3F0C5 /* Project object */;
}
